cloud.google.com/go/aiplatform v1.62.1 h1:sDX2E+hFkILesCsRFpTfMLKRYdGUI7/JlaGKGboTWbQ=
cloud.google.com/go/aiplatform v1.62.1/go.mod h1:ViLUVST6/gJAR80fyZmFSOn77rPHDkXqZDMDr4Qb8OM=
cloud.google.com/go/vertexai v0.7.1 h1:CSdqsEwjklLIlI1e5SrsnkwG/I+CeJekkBbMTzeYhVg=
cloud.google.com/go/vertexai v0.7.1/go.mod h1:HfnfYR9aPS+qF2436S6Hzuw0Fp+PORjzK3ggqymdzSU=
github.com/go-chi/chi v1.5.5 h1:vOB/HbEMt9QqBqErz07QehcOKHaWFtuj87tTDVz2qXE=
github.com/go-chi/chi v1.5.5/go.mod h1:C9JqLr3tIYjDOZpzn+BCuxY8z8vmca43EeMgyZt7irw=
github.com/go-sql-driver/mysql v1.7.1 h1:lUIinVbN1DY0xBg0eMOzmmtGoHwWBbvnWubQUrtU8EI=
github.com/go-sql-driver/mysql v1.7.1/go.mod h1:OXbVy3sEdcQ2Doequ6Z5BW6fXNQTmx+9S1MCJN5yJMI=
github.com/google/generative-ai-go v0.8.0 h1:sbpEC4rdjby19jehqmQ5pF0eXDTGHmNhXuNN+elfC5I=
github.com/google/generative-ai-go v0.8.0/go.mod h1:8fXQk4w+eyTzFokGGJrBFL0/xwXqm3QNhTqOWyX11zs=
